
Microsoft Visual Studio Solution File, Format Version 12.00
# Visual Studio Version 16
VisualStudioVersion = 16.0.30523.141
MinimumVisualStudioVersion = 10.0.40219.1
Project("{8BC9CEB8-8B4A-11D0-8D11-00A0C91BC942}") = "Project_opp_2.5", "Project_opp_2.5\Project_opp_2.5.vcxproj", "{B654F630-0178-4733-861E-BD9B30F182FC}"
EndProject
Project("{8BC9CEB8-8B4A-11D0-8D11-00A0C91BC942}") = "UnitTest_opp_2.5", "UnitTest_opp_2.5\UnitTest_opp_2.5.vcxproj", "{A2DDC8AF-E536-41F5-9F44-9ECE863DE354}"
EndProject
Global
	GlobalSection(SolutionConfigurationPlatforms) = preSolution
		Debug|x64 = Debug|x64
		Debug|x86 = Debug|x86
		Release|x64 = Release|x64
		Release|x86 = Release|x86
	EndGlobalSection
	GlobalSection(ProjectConfigurationPlatforms) = postSolution
		{B654F630-0178-4733-861E-BD9B30F182FC}.Debug|x64.ActiveCfg = Debug|x64
		{B654F630-0178-4733-861E-BD9B30F182FC}.Debug|x64.Build.0 = Debug|x64
		{B654F630-0178-4733-861E-BD9B30F182FC}.Debug|x86.ActiveCfg = Debug|Win32
		{B654F630-0178-4733-861E-BD9B30F182FC}.Debug|x86.Build.0 = Debug|Win32
		{B654F630-0178-4733-861E-BD9B30F182FC}.Release|x64.ActiveCfg = Release|x64
		{B654F630-0178-4733-861E-BD9B30F182FC}.Release|x64.Build.0 = Release|x64
		{B654F630-0178-4733-861E-BD9B30F182FC}.Release|x86.ActiveCfg = Release|Win32
		{B654F630-0178-4733-861E-BD9B30F182FC}.Release|x86.Build.0 = Release|Win32
		{A2DDC8AF-E536-41F5-9F44-9ECE863DE354}.Debug|x64.ActiveCfg = Debug|x64
		{A2DDC8AF-E536-41F5-9F44-9ECE863DE354}.Debug|x64.Build.0 = Debug|x64
		{A2DDC8AF-E536-41F5-9F44-9ECE863DE354}.Debug|x86.ActiveCfg = Debug|Win32
		{A2DDC8AF-E536-41F5-9F44-9ECE863DE354}.Debug|x86.Build.0 = Debug|Win32
		{A2DDC8AF-E536-41F5-9F44-9ECE863DE354}.Release|x64.ActiveCfg = Release|x64
		{A2DDC8AF-E536-41F5-9F44-9ECE863DE354}.Release|x64.Build.0 = Release|x64
		{A2DDC8AF-E536-41F5-9F44-9ECE863DE354}.Release|x86.ActiveCfg = Release|Win32
		{A2DDC8AF-E536-41F5-9F44-9ECE863DE354}.Release|x86.Build.0 = Release|Win32
	EndGlobalSection
	GlobalSection(SolutionProperties) = preSolution
		HideSolutionNode = FALSE
	EndGlobalSection
	GlobalSection(ExtensibilityGlobals) = postSolution
		SolutionGuid = {D35248B9-3A1C-4404-AE5C-F3E0AAAAEE92}
	EndGlobalSection
EndGlobal
